schema: '2.0'
stages:
  process_data:
    cmd: python training/src/process.py
    deps:
    - path: config/main.yaml
      md5: b800dbce777bff03fa397a3cba062200
      size: 991
    - path: data/raw
      md5: 876dd6a9663064054530bc03668741c9.dir
      size: 195247
      nfiles: 1
    - path: training/src/process.py
      md5: 33f4499bae9b6e7fd1d10734dd1b54c2
      size: 1449
    outs:
    - path: data/processed
      md5: f3583e9b8f983f8873a456e79a2c234d.dir
      size: 172411
      nfiles: 4
  train_model:
    cmd: python training/src/train_model.py
    deps:
    - path: config/main.yaml
      md5: b800dbce777bff03fa397a3cba062200
      size: 991
    - path: data/processed
      md5: f3583e9b8f983f8873a456e79a2c234d.dir
      size: 172411
      nfiles: 4
    - path: training/src/train_model.py
      md5: 721cd9e90be1de693fddb76fe34f7243
      size: 3301
    outs:
    - path: models/xgboost
      md5: b81633abf8fc624dc5dfcc662d06936b
      size: 31537
  evaluate_model:
    cmd: python training/src/evaluate_model.py
    deps:
    - path: config/main.yaml
      md5: b800dbce777bff03fa397a3cba062200
      size: 991
    - path: data/processed
      md5: f3583e9b8f983f8873a456e79a2c234d.dir
      size: 172411
      nfiles: 4
    - path: models/xgboost
      md5: b81633abf8fc624dc5dfcc662d06936b
      size: 31537
    - path: training/src/evaluate_model.py
      md5: 8ced238089ea51b2011f6a77e556687a
      size: 2085
